
Microsoft Visual Studio Solution File, Format Version 12.00
# Visual Studio Version 17
VisualStudioVersion = 17.6.33829.357
MinimumVisualStudioVersion = 10.0.40219.1
Project("{FAE04EC0-301F-11D3-BF4B-00C04F79EFBC}") = "Tarea2Progra2", "Tarea2Progra2\Tarea2Progra2.csproj", "{2E8D5C61-9281-4C9D-AB21-E47D71EC7EA5}"
EndProject
Global
	GlobalSection(SolutionConfigurationPlatforms) = preSolution
		Debug|Any CPU = Debug|Any CPU
		Release|Any CPU = Release|Any CPU
	EndGlobalSection
	GlobalSection(ProjectConfigurationPlatforms) = postSolution
		{2E8D5C61-9281-4C9D-AB21-E47D71EC7EA5}.Debug|Any CPU.ActiveCfg = Debug|Any CPU
		{2E8D5C61-9281-4C9D-AB21-E47D71EC7EA5}.Debug|Any CPU.Build.0 = Debug|Any CPU
		{2E8D5C61-9281-4C9D-AB21-E47D71EC7EA5}.Release|Any CPU.ActiveCfg = Release|Any CPU
		{2E8D5C61-9281-4C9D-AB21-E47D71EC7EA5}.Release|Any CPU.Build.0 = Release|Any CPU
	EndGlobalSection
	GlobalSection(SolutionProperties) = preSolution
		HideSolutionNode = FALSE
	EndGlobalSection
	GlobalSection(ExtensibilityGlobals) = postSolution
		SolutionGuid = {9A088834-A9D1-47CE-9112-3F6440545B6E}
	EndGlobalSection
EndGlobal
